
Microsoft Visual Studio Solution File, Format Version 12.00
# Visual Studio Version 16
VisualStudioVersion = 16.0.30114.105
MinimumVisualStudioVersion = 10.0.40219.1
Project("{2150E333-8FDC-42A3-9474-1A3956D46DE8}") = "src", "src", "{01E66607-4088-45BB-A67A-0B87986D608A}"
EndProject
Project("{FAE04EC0-301F-11D3-BF4B-00C04F79EFBC}") = "SRP", "src\SRP\SRP.csproj", "{489EC141-3092-4C4D-90A6-4C0101529C40}"
EndProject
Project("{FAE04EC0-301F-11D3-BF4B-00C04F79EFBC}") = "OCP", "src\OCP\OCP.csproj", "{08977100-406B-45F6-A52F-6A76CA75AF7A}"
EndProject
Project("{FAE04EC0-301F-11D3-BF4B-00C04F79EFBC}") = "LSP", "src\LSP\LSP.csproj", "{83EB467A-689B-4A52-A6DA-4F3BF3DFFCF7}"
EndProject
Project("{FAE04EC0-301F-11D3-BF4B-00C04F79EFBC}") = "ISP", "src\ISP\ISP.csproj", "{C112F7DD-5C5F-41ED-8A6E-6552A10422DA}"
EndProject
Project("{FAE04EC0-301F-11D3-BF4B-00C04F79EFBC}") = "DIP", "src\DIP\DIP.csproj", "{295D6519-F54F-43F2-8433-E5EC71C3C3B4}"
EndProject
Global
	GlobalSection(SolutionConfigurationPlatforms) = preSolution
		Debug|Any CPU = Debug|Any CPU
		Release|Any CPU = Release|Any CPU
	EndGlobalSection
	GlobalSection(SolutionProperties) = preSolution
		HideSolutionNode = FALSE
	EndGlobalSection
	GlobalSection(ProjectConfigurationPlatforms) = postSolution
		{489EC141-3092-4C4D-90A6-4C0101529C40}.Debug|Any CPU.ActiveCfg = Debug|Any CPU
		{489EC141-3092-4C4D-90A6-4C0101529C40}.Debug|Any CPU.Build.0 = Debug|Any CPU
		{489EC141-3092-4C4D-90A6-4C0101529C40}.Release|Any CPU.ActiveCfg = Release|Any CPU
		{489EC141-3092-4C4D-90A6-4C0101529C40}.Release|Any CPU.Build.0 = Release|Any CPU
		{08977100-406B-45F6-A52F-6A76CA75AF7A}.Debug|Any CPU.ActiveCfg = Debug|Any CPU
		{08977100-406B-45F6-A52F-6A76CA75AF7A}.Debug|Any CPU.Build.0 = Debug|Any CPU
		{08977100-406B-45F6-A52F-6A76CA75AF7A}.Release|Any CPU.ActiveCfg = Release|Any CPU
		{08977100-406B-45F6-A52F-6A76CA75AF7A}.Release|Any CPU.Build.0 = Release|Any CPU
		{83EB467A-689B-4A52-A6DA-4F3BF3DFFCF7}.Debug|Any CPU.ActiveCfg = Debug|Any CPU
		{83EB467A-689B-4A52-A6DA-4F3BF3DFFCF7}.Debug|Any CPU.Build.0 = Debug|Any CPU
		{83EB467A-689B-4A52-A6DA-4F3BF3DFFCF7}.Release|Any CPU.ActiveCfg = Release|Any CPU
		{83EB467A-689B-4A52-A6DA-4F3BF3DFFCF7}.Release|Any CPU.Build.0 = Release|Any CPU
		{C112F7DD-5C5F-41ED-8A6E-6552A10422DA}.Debug|Any CPU.ActiveCfg = Debug|Any CPU
		{C112F7DD-5C5F-41ED-8A6E-6552A10422DA}.Debug|Any CPU.Build.0 = Debug|Any CPU
		{C112F7DD-5C5F-41ED-8A6E-6552A10422DA}.Release|Any CPU.ActiveCfg = Release|Any CPU
		{C112F7DD-5C5F-41ED-8A6E-6552A10422DA}.Release|Any CPU.Build.0 = Release|Any CPU
		{295D6519-F54F-43F2-8433-E5EC71C3C3B4}.Debug|Any CPU.ActiveCfg = Debug|Any CPU
		{295D6519-F54F-43F2-8433-E5EC71C3C3B4}.Debug|Any CPU.Build.0 = Debug|Any CPU
		{295D6519-F54F-43F2-8433-E5EC71C3C3B4}.Release|Any CPU.ActiveCfg = Release|Any CPU
		{295D6519-F54F-43F2-8433-E5EC71C3C3B4}.Release|Any CPU.Build.0 = Release|Any CPU
	EndGlobalSection
	GlobalSection(NestedProjects) = preSolution
		{489EC141-3092-4C4D-90A6-4C0101529C40} = {01E66607-4088-45BB-A67A-0B87986D608A}
		{08977100-406B-45F6-A52F-6A76CA75AF7A} = {01E66607-4088-45BB-A67A-0B87986D608A}
		{83EB467A-689B-4A52-A6DA-4F3BF3DFFCF7} = {01E66607-4088-45BB-A67A-0B87986D608A}
		{C112F7DD-5C5F-41ED-8A6E-6552A10422DA} = {01E66607-4088-45BB-A67A-0B87986D608A}
		{295D6519-F54F-43F2-8433-E5EC71C3C3B4} = {01E66607-4088-45BB-A67A-0B87986D608A}
	EndGlobalSection
EndGlobal
